
Microsoft Visual Studio Solution File, Format Version 12.00
# Visual Studio Version 16
VisualStudioVersion = 16.0.30503.244
MinimumVisualStudioVersion = 10.0.40219.1
Project("{9A19103F-16F7-4668-BE54-9A1E7A4F7556}") = "Integrationtests", "integrationtests\Integrationtests.csproj", "{3D23D736-2427-4050-9946-DAD3AB985984}"
EndProject
Global
	GlobalSection(SolutionConfigurationPlatforms) = preSolution
		Debug|Any CPU = Debug|Any CPU
		Release|Any CPU = Release|Any CPU
	EndGlobalSection
	GlobalSection(ProjectConfigurationPlatforms) = postSolution
		{3D23D736-2427-4050-9946-DAD3AB985984}.Debug|Any CPU.ActiveCfg = Debug|Any CPU
		{3D23D736-2427-4050-9946-DAD3AB985984}.Debug|Any CPU.Build.0 = Debug|Any CPU
		{3D23D736-2427-4050-9946-DAD3AB985984}.Release|Any CPU.ActiveCfg = Release|Any CPU
		{3D23D736-2427-4050-9946-DAD3AB985984}.Release|Any CPU.Build.0 = Release|Any CPU
	EndGlobalSection
	GlobalSection(SolutionProperties) = preSolution
		HideSolutionNode = FALSE
	EndGlobalSection
	GlobalSection(ExtensibilityGlobals) = postSolution
		SolutionGuid = {2C97A1E7-077E-4FB7-94D3-E3EE9383EBBD}
	EndGlobalSection
EndGlobal
